
Microsoft Visual Studio Solution File, Format Version 11.00
# Visual Studio 2010
Project("{FAE04EC0-301F-11D3-BF4B-00C04F79EFBC}") = "ExcelMerge", "ExcelMerge\ExcelMerge.csproj", "{31ECC2FD-1BC6-4DCF-A2D5-06C7A6DBCA92}"
EndProject
Global
	GlobalSection(SolutionConfigurationPlatforms) = preSolution
		Debug|x86 = Debug|x86
		Release|x86 = Release|x86
	EndGlobalSection
	GlobalSection(ProjectConfigurationPlatforms) = postSolution
		{31ECC2FD-1BC6-4DCF-A2D5-06C7A6DBCA92}.Debug|x86.ActiveCfg = Debug|x86
		{31ECC2FD-1BC6-4DCF-A2D5-06C7A6DBCA92}.Debug|x86.Build.0 = Debug|x86
		{31ECC2FD-1BC6-4DCF-A2D5-06C7A6DBCA92}.Release|x86.ActiveCfg = Release|x86
		{31ECC2FD-1BC6-4DCF-A2D5-06C7A6DBCA92}.Release|x86.Build.0 = Release|x86
	EndGlobalSection
	GlobalSection(SolutionProperties) = preSolution
		HideSolutionNode = FALSE
	EndGlobalSection
EndGlobal
